// !$*UTF8*$!
{
	archiveVersion = 1;
	classes = {
	};
	objectVersion = 46;
	objects = {

/* Begin PBXBuildFile section */
		1481C4941F183BA00042F315 /* FancyView.swift in Sources */ = {isa = PBXBuildFile; fileRef = 1481C4931F183BA00042F315 /* FancyView.swift */; };
		1481C4971F183C7D0042F315 /* Constantes.swift in Sources */ = {isa = PBXBuildFile; fileRef = 1481C4961F183C7D0042F315 /* Constantes.swift */; };
		1481C4991F1843620042F315 /* RoundBtn.swift in Sources */ = {isa = PBXBuildFile; fileRef = 1481C4981F1843620042F315 /* RoundBtn.swift */; };
		1481C49B1F18473D0042F315 /* FancyField.swift in Sources */ = {isa = PBXBuildFile; fileRef = 1481C49A1F18473D0042F315 /* FancyField.swift */; };
		1481C49E1F184A420042F315 /* FancyBtn.swift in Sources */ = {isa = PBXBuildFile; fileRef = 1481C49D1F184A420042F315 /* FancyBtn.swift */; };
		14BA60401F1513070049DFB0 /* AppDelegate.swift in Sources */ = {isa = PBXBuildFile; fileRef = 14BA603F1F1513070049DFB0 /* AppDelegate.swift */; };
		14BA60421F1513070049DFB0 /* SigninVC.swift in Sources */ = {isa = PBXBuildFile; fileRef = 14BA60411F1513070049DFB0 /* SigninVC.swift */; };
		14BA60451F1513070049DFB0 /* Main.storyboard in Resources */ = {isa = PBXBuildFile; fileRef = 14BA60431F1513070049DFB0 /* Main.storyboard */; };
		14BA60471F1513070049DFB0 /* Assets.xcassets in Resources */ = {isa = PBXBuildFile; fileRef = 14BA60461F1513070049DFB0 /* Assets.xcassets */; };
		14BA604A1F1513070049DFB0 /* LaunchScreen.storyboard in Resources */ = {isa = PBXBuildFile; fileRef = 14BA60481F1513070049DFB0 /* LaunchScreen.storyboard */; };
		14BA60521F15147A0049DFB0 /* GoogleService-Info.plist in Resources */ = {isa = PBXBuildFile; fileRef = 14BA60511F15147A0049DFB0 /* GoogleService-Info.plist */; };
		6ABDDAAD2B46D0A88E464055 /* Pods_SocialApp.framework in Frameworks */ = {isa = PBXBuildFile; fileRef = 55665E60C5B5FE1FC498A1C3 /* Pods_SocialApp.framework */; };
/* End PBXBuildFile section */

/* Begin PBXFileReference section */
		1481C4931F183BA00042F315 /* FancyView.swift */ = {isa = PBXFileReference; fileEncoding = 4; lastKnownFileType = sourcecode.swift; path = FancyView.swift; sourceTree = "<group>"; };
		1481C4961F183C7D0042F315 /* Constantes.swift */ = {isa = PBXFileReference; fileEncoding = 4; lastKnownFileType = sourcecode.swift; path = Constantes.swift; sourceTree = "<group>"; };
		1481C4981F1843620042F315 /* RoundBtn.swift */ = {isa = PBXFileReference; fileEncoding = 4; lastKnownFileType = sourcecode.swift; path = RoundBtn.swift; sourceTree = "<group>"; };
		1481C49A1F18473D0042F315 /* FancyField.swift */ = {isa = PBXFileReference; fileEncoding = 4; lastKnownFileType = sourcecode.swift; path = FancyField.swift; sourceTree = "<group>"; };
		1481C49D1F184A420042F315 /* FancyBtn.swift */ = {isa = PBXFileReference; fileEncoding = 4; lastKnownFileType = sourcecode.swift; path = FancyBtn.swift; sourceTree = "<group>"; };
		14BA603C1F1513070049DFB0 /* SocialApp.app */ = {isa = PBXFileReference; explicitFileType = wrapper.application; includeInIndex = 0; path = SocialApp.app; sourceTree = BUILT_PRODUCTS_DIR; };
		14BA603F1F1513070049DFB0 /* AppDelegate.swift */ = {isa = PBXFileReference; lastKnownFileType = sourcecode.swift; path = AppDelegate.swift; sourceTree = "<group>"; };
		14BA60411F1513070049DFB0 /* SigninVC.swift */ = {isa = PBXFileReference; lastKnownFileType = sourcecode.swift; path = SigninVC.swift; sourceTree = "<group>"; };
		14BA60441F1513070049DFB0 /* Base */ = {isa = PBXFileReference; lastKnownFileType = file.storyboard; name = Base; path = Base.lproj/Main.storyboard; sourceTree = "<group>"; };
		14BA60461F1513070049DFB0 /* Assets.xcassets */ = {isa = PBXFileReference; lastKnownFileType = folder.assetcatalog; path = Assets.xcassets; sourceTree = "<group>"; };
		14BA60491F1513070049DFB0 /* Base */ = {isa = PBXFileReference; lastKnownFileType = file.storyboard; name = Base; path = Base.lproj/LaunchScreen.storyboard; sourceTree = "<group>"; };
		14BA604B1F1513070049DFB0 /* Info.plist */ = {isa = PBXFileReference; lastKnownFileType = text.plist.xml; path = Info.plist; sourceTree = "<group>"; };
		14BA60511F15147A0049DFB0 /* GoogleService-Info.plist */ = {isa = PBXFileReference; fileEncoding = 4; lastKnownFileType = text.plist.xml; path = "GoogleService-Info.plist"; sourceTree = "<group>"; };
		55665E60C5B5FE1FC498A1C3 /* Pods_SocialApp.framework */ = {isa = PBXFileReference; explicitFileType = wrapper.framework; includeInIndex = 0; path = Pods_SocialApp.framework; sourceTree = BUILT_PRODUCTS_DIR; };
		848250DA5F144F6973249AF4 /* Pods-SocialApp.debug.xcconfig */ = {isa = PBXFileReference; includeInIndex = 1; lastKnownFileType = text.xcconfig; name = "Pods-SocialApp.debug.xcconfig"; path = "Pods/Target Support Files/Pods-SocialApp/Pods-SocialApp.debug.xcconfig"; sourceTree = "<group>"; };
		B9AFA8431156FCD60486179A /* Pods-SocialApp.release.xcconfig */ = {isa = PBXFileReference; includeInIndex = 1; lastKnownFileType = text.xcconfig; name = "Pods-SocialApp.release.xcconfig"; path = "Pods/Target Support Files/Pods-SocialApp/Pods-SocialApp.release.xcconfig"; sourceTree = "<group>"; };
/* End PBXFileReference section */

/* Begin PBXFrameworksBuildPhase section */
		14BA60391F1513070049DFB0 /* Frameworks */ = {
			isa = PBXFrameworksBuildPhase;
			buildActionMask = 2147483647;
			files = (
				6ABDDAAD2B46D0A88E464055 /* Pods_SocialApp.framework in Frameworks */,
			);
			runOnlyForDeploymentPostprocessing = 0;
		};
/* End PBXFrameworksBuildPhase section */

/* Begin PBXGroup section */
		1481C4951F183C410042F315 /* Utilities */ = {
			isa = PBXGroup;
			children = (
				1481C4961F183C7D0042F315 /* Constantes.swift */,
			);
			name = Utilities;
			sourceTree = "<group>";
		};
		14852E981F1516DE00487170 /* Model */ = {
			isa = PBXGroup;
			children = (
			);
			name = Model;
			sourceTree = "<group>";
		};
		14852E991F1516E300487170 /* Controller */ = {
			isa = PBXGroup;
			children = (
				14BA60411F1513070049DFB0 /* SigninVC.swift */,
			);
			name = Controller;
			sourceTree = "<group>";
		};
		14852E9A1F1516E900487170 /* View */ = {
			isa = PBXGroup;
			children = (
				1481C4931F183BA00042F315 /* FancyView.swift */,
				1481C4981F1843620042F315 /* RoundBtn.swift */,
				1481C49A1F18473D0042F315 /* FancyField.swift */,
				1481C49D1F184A420042F315 /* FancyBtn.swift */,
			);
			name = View;
			sourceTree = "<group>";
		};
		14BA60331F1513070049DFB0 = {
			isa = PBXGroup;
			children = (
				14BA603E1F1513070049DFB0 /* SocialApp */,
				14BA603D1F1513070049DFB0 /* Products */,
				A3C3FB010CDF139F1AD52739 /* Pods */,
				37BAFE6A70EFB0F8A43E0C36 /* Frameworks */,
			);
			sourceTree = "<group>";
		};
		14BA603D1F1513070049DFB0 /* Products */ = {
			isa = PBXGroup;
			children = (
				14BA603C1F1513070049DFB0 /* SocialApp.app */,
			);
			name = Products;
			sourceTree = "<group>";
		};
		14BA603E1F1513070049DFB0 /* SocialApp */ = {
			isa = PBXGroup;
			children = (
				1481C4951F183C410042F315 /* Utilities */,
				14852E9A1F1516E900487170 /* View */,
				14852E991F1516E300487170 /* Controller */,
				14852E981F1516DE00487170 /* Model */,
				14BA60511F15147A0049DFB0 /* GoogleService-Info.plist */,
				14BA603F1F1513070049DFB0 /* AppDelegate.swift */,
				14BA60431F1513070049DFB0 /* Main.storyboard */,
				14BA60461F1513070049DFB0 /* Assets.xcassets */,
				14BA60481F1513070049DFB0 /* LaunchScreen.storyboard */,
				14BA604B1F1513070049DFB0 /* Info.plist */,
			);
			path = SocialApp;
			sourceTree = "<group>";
		};
		37BAFE6A70EFB0F8A43E0C36 /* Frameworks */ = {
			isa = PBXGroup;
			children = (
				55665E60C5B5FE1FC498A1C3 /* Pods_SocialApp.framework */,
			);
			name = Frameworks;
			sourceTree = "<group>";
		};
		A3C3FB010CDF139F1AD52739 /* Pods */ = {
			isa = PBXGroup;
			children = (
				848250DA5F144F6973249AF4 /* Pods-SocialApp.debug.xcconfig */,
				B9AFA8431156FCD60486179A /* Pods-SocialApp.release.xcconfig */,
			);
			name = Pods;
			sourceTree = "<group>";
		};
/* End PBXGroup section */

/* Begin PBXNativeTarget section */
		14BA603B1F1513070049DFB0 /* SocialApp */ = {
			isa = PBXNativeTarget;
			buildConfigurationList = 14BA604E1F1513070049DFB0 /* Build configuration list for PBXNativeTarget "SocialApp" */;
			buildPhases = (
				57295170B9C4733DAA5294BF /* [CP] Check Pods Manifest.lock */,
				14BA60381F1513070049DFB0 /* Sources */,
				14BA60391F1513070049DFB0 /* Frameworks */,
				14BA603A1F1513070049DFB0 /* Resources */,
				FD47ACF1AF253CF0358D6085 /* [CP] Embed Pods Frameworks */,
				25DC13C1FE451AAC01E5F31C /* [CP] Copy Pods Resources */,
			);
			buildRules = (
			);
			dependencies = (
			);
			name = SocialApp;
			productName = SocialApp;
			productReference = 14BA603C1F1513070049DFB0 /* SocialApp.app */;
			productType = "com.apple.product-type.application";
		};
/* End PBXNativeTarget section */

/* Begin PBXProject section */
		14BA60341F1513070049DFB0 /* Project object */ = {
			isa = PBXProject;
			attributes = {
				LastSwiftUpdateCheck = 0830;
				LastUpgradeCheck = 0830;
				ORGANIZATIONNAME = "Lassale Elmahdi";
				TargetAttributes = {
					14BA603B1F1513070049DFB0 = {
						CreatedOnToolsVersion = 8.3.3;
						DevelopmentTeam = YY2HH898HG;
						ProvisioningStyle = Automatic;
					};
				};
			};
			buildConfigurationList = 14BA60371F1513070049DFB0 /* Build configuration list for PBXProject "SocialApp" */;
			compatibilityVersion = "Xcode 3.2";
			developmentRegion = English;
			hasScannedForEncodings = 0;
			knownRegions = (
				en,
				Base,
			);
			mainGroup = 14BA60331F1513070049DFB0;
			productRefGroup = 14BA603D1F1513070049DFB0 /* Products */;
			projectDirPath = "";
			projectRoot = "";
			targets = (
				14BA603B1F1513070049DFB0 /* SocialApp */,
			);
		};
/* End PBXProject section */

/* Begin PBXResourcesBuildPhase section */
		14BA603A1F1513070049DFB0 /* Resources */ = {
			isa = PBXResourcesBuildPhase;
			buildActionMask = 2147483647;
			files = (
				14BA604A1F1513070049DFB0 /* LaunchScreen.storyboard in Resources */,
				14BA60471F1513070049DFB0 /* Assets.xcassets in Resources */,
				14BA60451F1513070049DFB0 /* Main.storyboard in Resources */,
				14BA60521F15147A0049DFB0 /* GoogleService-Info.plist in Resources */,
			);
			runOnlyForDeploymentPostprocessing = 0;
		};
/* End PBXResourcesBuildPhase section */

/* Begin PBXShellScriptBuildPhase section */
		25DC13C1FE451AAC01E5F31C /* [CP] Copy Pods Resources */ = {
			isa = PBXShellScriptBuildPhase;
			buildActionMask = 2147483647;
			files = (
			);
			inputPaths = (
			);
			name = "[CP] Copy Pods Resources";
			outputPaths = (
			);
			runOnlyForDeploymentPostprocessing = 0;
			shellPath = /bin/sh;
			shellScript = "\"${SRCROOT}/Pods/Target Support Files/Pods-SocialApp/Pods-SocialApp-resources.sh\"\n";
			showEnvVarsInLog = 0;
		};
		57295170B9C4733DAA5294BF /* [CP] Check Pods Manifest.lock */ = {
			isa = PBXShellScriptBuildPhase;
			buildActionMask = 2147483647;
			files = (
			);
			inputPaths = (
			);
			name = "[CP] Check Pods Manifest.lock";
			outputPaths = (
			);
			runOnlyForDeploymentPostprocessing = 0;
			shellPath = /bin/sh;
			shellScript = "diff \"${PODS_PODFILE_DIR_PATH}/Podfile.lock\" \"${PODS_ROOT}/Manifest.lock\" > /dev/null\nif [ $? != 0 ] ; then\n    # print error to STDERR\n    echo \"error: The sandbox is not in sync with the Podfile.lock. Run 'pod install' or update your CocoaPods installation.\" >&2\n    exit 1\nfi\n";
			showEnvVarsInLog = 0;
		};
		FD47ACF1AF253CF0358D6085 /* [CP] Embed Pods Frameworks */ = {
			isa = PBXShellScriptBuildPhase;
			buildActionMask = 2147483647;
			files = (
			);
			inputPaths = (
			);
			name = "[CP] Embed Pods Frameworks";
			outputPaths = (
			);
			runOnlyForDeploymentPostprocessing = 0;
			shellPath = /bin/sh;
			shellScript = "\"${SRCROOT}/Pods/Target Support Files/Pods-SocialApp/Pods-SocialApp-frameworks.sh\"\n";
			showEnvVarsInLog = 0;
		};
/* End PBXShellScriptBuildPhase section */

/* Begin PBXSourcesBuildPhase section */
		14BA60381F1513070049DFB0 /* Sources */ = {
			isa = PBXSourcesBuildPhase;
			buildActionMask = 2147483647;
			files = (
				1481C49B1F18473D0042F315 /* FancyField.swift in Sources */,
				14BA60421F1513070049DFB0 /* SigninVC.swift in Sources */,
				1481C4991F1843620042F315 /* RoundBtn.swift in Sources */,
				1481C4971F183C7D0042F315 /* Constantes.swift in Sources */,
				14BA60401F1513070049DFB0 /* AppDelegate.swift in Sources */,
				1481C4941F183BA00042F315 /* FancyView.swift in Sources */,
				1481C49E1F184A420042F315 /* FancyBtn.swift in Sources */,
			);
			runOnlyForDeploymentPostprocessing = 0;
		};
/* End PBXSourcesBuildPhase section */

/* Begin PBXVariantGroup section */
		14BA60431F1513070049DFB0 /* Main.storyboard */ = {
			isa = PBXVariantGroup;
			children = (
				14BA60441F1513070049DFB0 /* Base */,
			);
			name = Main.storyboard;
			sourceTree = "<group>";
		};
		14BA60481F1513070049DFB0 /* LaunchScreen.storyboard */ = {
			isa = PBXVariantGroup;
			children = (
				14BA60491F1513070049DFB0 /* Base */,
			);
			name = LaunchScreen.storyboard;
			sourceTree = "<group>";
		};
/* End PBXVariantGroup section */

/* Begin XCBuildConfiguration section */
		14BA604C1F1513070049DFB0 /* Debug */ = {
			isa = XCBuildConfiguration;
			buildSettings = {
				ALWAYS_SEARCH_USER_PATHS = NO;
				CLANG_ANALYZER_NONNULL = YES;
				CLANG_ANALYZER_NUMBER_OBJECT_CONVERSION = YES_AGGRESSIVE;
				CLANG_CXX_LANGUAGE_STANDARD = "gnu++0x";
				CLANG_CXX_LIBRARY = "libc++";
				CLANG_ENABLE_MODULES = YES;
				CLANG_ENABLE_OBJC_ARC = YES;
				CLANG_WARN_BOOL_CONVERSION = YES;
				CLANG_WARN_CONSTANT_CONVERSION = YES;
				CLANG_WARN_DIRECT_OBJC_ISA_USAGE = YES_ERROR;
				CLANG_WARN_DOCUMENTATION_COMMENTS = YES;
				CLANG_WARN_EMPTY_BODY = YES;
				CLANG_WARN_ENUM_CONVERSION = YES;
				CLANG_WARN_INFINITE_RECURSION = YES;
				CLANG_WARN_INT_CONVERSION = YES;
				CLANG_WARN_OBJC_ROOT_CLASS = YES_ERROR;
				CLANG_WARN_SUSPICIOUS_MOVE = YES;
				CLANG_WARN_UNREACHABLE_CODE = YES;
				CLANG_WARN__DUPLICATE_METHOD_MATCH = YES;
				"CODE_SIGN_IDENTITY[sdk=iphoneos*]" = "iPhone Developer";
				COPY_PHASE_STRIP = NO;
				DEBUG_INFORMATION_FORMAT = dwarf;
				ENABLE_STRICT_OBJC_MSGSEND = YES;
				ENABLE_TESTABILITY = YES;
				GCC_C_LANGUAGE_STANDARD = gnu99;
				GCC_DYNAMIC_NO_PIC = NO;
				GCC_NO_COMMON_BLOCKS = YES;
				GCC_OPTIMIZATION_LEVEL = 0;
				GCC_PREPROCESSOR_DEFINITIONS = (
					"DEBUG=1",
					"$(inherited)",
				);
				GCC_WARN_64_TO_32_BIT_CONVERSION = YES;
				GCC_WARN_ABOUT_RETURN_TYPE = YES_ERROR;
				GCC_WARN_UNDECLARED_SELECTOR = YES;
				GCC_WARN_UNINITIALIZED_AUTOS = YES_AGGRESSIVE;
				GCC_WARN_UNUSED_FUNCTION = YES;
				GCC_WARN_UNUSED_VARIABLE = YES;
				IPHONEOS_DEPLOYMENT_TARGET = 10.3;
				MTL_ENABLE_DEBUG_INFO = YES;
				ONLY_ACTIVE_ARCH = YES;
				SDKROOT = iphoneos;
				SWIFT_ACTIVE_COMPILATION_CONDITIONS = DEBUG;
				SWIFT_OPTIMIZATION_LEVEL = "-Onone";
			};
			name = Debug;
		};
		14BA604D1F1513070049DFB0 /* Release */ = {
			isa = XCBuildConfiguration;
			buildSettings = {
				ALWAYS_SEARCH_USER_PATHS = NO;
				CLANG_ANALYZER_NONNULL = YES;
				CLANG_ANALYZER_NUMBER_OBJECT_CONVERSION = YES_AGGRESSIVE;
				CLANG_CXX_LANGUAGE_STANDARD = "gnu++0x";
				CLANG_CXX_LIBRARY = "libc++";
				CLANG_ENABLE_MODULES = YES;
				CLANG_ENABLE_OBJC_ARC = YES;
				CLANG_WARN_BOOL_CONVERSION = YES;
				CLANG_WARN_CONSTANT_CONVERSION = YES;
				CLANG_WARN_DIRECT_OBJC_ISA_USAGE = YES_ERROR;
				CLANG_WARN_DOCUMENTATION_COMMENTS = YES;
				CLANG_WARN_EMPTY_BODY = YES;
				CLANG_WARN_ENUM_CONVERSION = YES;
				CLANG_WARN_INFINITE_RECURSION = YES;
				CLANG_WARN_INT_CONVERSION = YES;
				CLANG_WARN_OBJC_ROOT_CLASS = YES_ERROR;
				CLANG_WARN_SUSPICIOUS_MOVE = YES;
				CLANG_WARN_UNREACHABLE_CODE = YES;
				CLANG_WARN__DUPLICATE_METHOD_MATCH = YES;
				"CODE_SIGN_IDENTITY[sdk=iphoneos*]" = "iPhone Developer";
				COPY_PHASE_STRIP = NO;
				DEBUG_INFORMATION_FORMAT = "dwarf-with-dsym";
				ENABLE_NS_ASSERTIONS = NO;
				ENABLE_STRICT_OBJC_MSGSEND = YES;
				GCC_C_LANGUAGE_STANDARD = gnu99;
				GCC_NO_COMMON_BLOCKS = YES;
				GCC_WARN_64_TO_32_BIT_CONVERSION = YES;
				GCC_WARN_ABOUT_RETURN_TYPE = YES_ERROR;
				GCC_WARN_UNDECLARED_SELECTOR = YES;
				GCC_WARN_UNINITIALIZED_AUTOS = YES_AGGRESSIVE;
				GCC_WARN_UNUSED_FUNCTION = YES;
				GCC_WARN_UNUSED_VARIABLE = YES;
				IPHONEOS_DEPLOYMENT_TARGET = 10.3;
				MTL_ENABLE_DEBUG_INFO = NO;
				SDKROOT = iphoneos;
				SWIFT_OPTIMIZATION_LEVEL = "-Owholemodule";
				VALIDATE_PRODUCT = YES;
			};
			name = Release;
		};
		14BA604F1F1513070049DFB0 /* Debug */ = {
			isa = XCBuildConfiguration;
			baseConfigurationReference = 848250DA5F144F6973249AF4 /* Pods-SocialApp.debug.xcconfig */;
			buildSettings = {
				ASSETCATALOG_COMPILER_APPICON_NAME = AppIcon;
				DEVELOPMENT_TEAM = YY2HH898HG;
				INFOPLIST_FILE = SocialApp/Info.plist;
				LD_RUNPATH_SEARCH_PATHS = "$(inherited) @executable_path/Frameworks";
				PRODUCT_BUNDLE_IDENTIFIER = com.elmahdilassale.SocialApp;
				PRODUCT_NAME = "$(TARGET_NAME)";
				SWIFT_VERSION = 3.0;
			};
			name = Debug;
		};
		14BA60501F1513070049DFB0 /* Release */ = {
			isa = XCBuildConfiguration;
			baseConfigurationReference = B9AFA8431156FCD60486179A /* Pods-SocialApp.release.xcconfig */;
			buildSettings = {
				ASSETCATALOG_COMPILER_APPICON_NAME = AppIcon;
				DEVELOPMENT_TEAM = YY2HH898HG;
				INFOPLIST_FILE = SocialApp/Info.plist;
				LD_RUNPATH_SEARCH_PATHS = "$(inherited) @executable_path/Frameworks";
				PRODUCT_BUNDLE_IDENTIFIER = com.elmahdilassale.SocialApp;
				PRODUCT_NAME = "$(TARGET_NAME)";
				SWIFT_VERSION = 3.0;
			};
			name = Release;
		};
/* End XCBuildConfiguration section */

/* Begin XCConfigurationList section */
		14BA60371F1513070049DFB0 /* Build configuration list for PBXProject "SocialApp" */ = {
			isa = XCConfigurationList;
			buildConfigurations = (
				14BA604C1F1513070049DFB0 /* Debug */,
				14BA604D1F1513070049DFB0 /* Release */,
			);
			defaultConfigurationIsVisible = 0;
			defaultConfigurationName = Release;
		};
		14BA604E1F1513070049DFB0 /* Build configuration list for PBXNativeTarget "SocialApp" */ = {
			isa = XCConfigurationList;
			buildConfigurations = (
				14BA604F1F1513070049DFB0 /* Debug */,
				14BA60501F1513070049DFB0 /* Release */,
			);
			defaultConfigurationIsVisible = 0;
			defaultConfigurationName = Release;
		};
/* End XCConfigurationList section */
	};
	rootObject = 14BA60341F1513070049DFB0 /* Project object */;
}
